
Microsoft Visual Studio Solution File, Format Version 12.00
# Visual Studio 15
VisualStudioVersion = 15.0.28307.705
MinimumVisualStudioVersion = 10.0.40219.1
Project("{2150E333-8FDC-42A3-9474-1A3956D46DE8}") = "ClearArch.Application", "ClearArch.Application", "{E56AF8A8-4E8D-4098-A43F-662A933A456F}"
EndProject
Project("{2150E333-8FDC-42A3-9474-1A3956D46DE8}") = "ClearArch.Domain", "ClearArch.Domain", "{37E778A8-6B7B-4BDD-8E5F-C6ADBBEEC74A}"
EndProject
Project("{2150E333-8FDC-42A3-9474-1A3956D46DE8}") = "ClearArch.Infra.IoC", "ClearArch.Infra.IoC", "{F671E378-AD86-4FB2-B0A7-F0FF875B53E8}"
EndProject
Project("{2150E333-8FDC-42A3-9474-1A3956D46DE8}") = "CleanArch.Infra.Data", "CleanArch.Infra.Data", "{ED952542-4D81-4851-8C99-EA282DA42A8F}"
EndProject
Project("{2150E333-8FDC-42A3-9474-1A3956D46DE8}") = "CleanArch.UI.Mvc", "CleanArch.UI.Mvc", "{D670FFCD-9F31-4D86-AFDD-37157818D7B4}"
EndProject
Project("{9A19103F-16F7-4668-BE54-9A1E7A4F7556}") = "CleanArch.Mvc", "CleanArch.Mvc\CleanArch.Mvc.csproj", "{C025F710-E6FD-4AB0-80DE-7A5C29206007}"
EndProject
Project("{9A19103F-16F7-4668-BE54-9A1E7A4F7556}") = "CleanArch.Domain", "CleanArch.Domain\CleanArch.Domain.csproj", "{D5FC2FEE-B4B6-487E-9D50-1EC7EB5778F6}"
EndProject
Project("{9A19103F-16F7-4668-BE54-9A1E7A4F7556}") = "ClearArch.Infrastructure.Data", "CleadArch.Infrastructure.Data\ClearArch.Infrastructure.Data.csproj", "{C6ABDBB1-4229-4AB4-9DF6-11359A718303}"
EndProject
Project("{FAE04EC0-301F-11D3-BF4B-00C04F79EFBC}") = "CleanArch.Application", "CleanArch.Application\CleanArch.Application.csproj", "{FE947937-FE04-4231-92CF-D1B5201DD6EC}"
EndProject
Global
	GlobalSection(SolutionConfigurationPlatforms) = preSolution
		Debug|Any CPU = Debug|Any CPU
		Release|Any CPU = Release|Any CPU
	EndGlobalSection
	GlobalSection(ProjectConfigurationPlatforms) = postSolution
		{C025F710-E6FD-4AB0-80DE-7A5C29206007}.Debug|Any CPU.ActiveCfg = Debug|Any CPU
		{C025F710-E6FD-4AB0-80DE-7A5C29206007}.Debug|Any CPU.Build.0 = Debug|Any CPU
		{C025F710-E6FD-4AB0-80DE-7A5C29206007}.Release|Any CPU.ActiveCfg = Release|Any CPU
		{C025F710-E6FD-4AB0-80DE-7A5C29206007}.Release|Any CPU.Build.0 = Release|Any CPU
		{D5FC2FEE-B4B6-487E-9D50-1EC7EB5778F6}.Debug|Any CPU.ActiveCfg = Debug|Any CPU
		{D5FC2FEE-B4B6-487E-9D50-1EC7EB5778F6}.Debug|Any CPU.Build.0 = Debug|Any CPU
		{D5FC2FEE-B4B6-487E-9D50-1EC7EB5778F6}.Release|Any CPU.ActiveCfg = Release|Any CPU
		{D5FC2FEE-B4B6-487E-9D50-1EC7EB5778F6}.Release|Any CPU.Build.0 = Release|Any CPU
		{C6ABDBB1-4229-4AB4-9DF6-11359A718303}.Debug|Any CPU.ActiveCfg = Debug|Any CPU
		{C6ABDBB1-4229-4AB4-9DF6-11359A718303}.Debug|Any CPU.Build.0 = Debug|Any CPU
		{C6ABDBB1-4229-4AB4-9DF6-11359A718303}.Release|Any CPU.ActiveCfg = Release|Any CPU
		{C6ABDBB1-4229-4AB4-9DF6-11359A718303}.Release|Any CPU.Build.0 = Release|Any CPU
		{FE947937-FE04-4231-92CF-D1B5201DD6EC}.Debug|Any CPU.ActiveCfg = Debug|Any CPU
		{FE947937-FE04-4231-92CF-D1B5201DD6EC}.Debug|Any CPU.Build.0 = Debug|Any CPU
		{FE947937-FE04-4231-92CF-D1B5201DD6EC}.Release|Any CPU.ActiveCfg = Release|Any CPU
		{FE947937-FE04-4231-92CF-D1B5201DD6EC}.Release|Any CPU.Build.0 = Release|Any CPU
	EndGlobalSection
	GlobalSection(SolutionProperties) = preSolution
		HideSolutionNode = FALSE
	EndGlobalSection
	GlobalSection(NestedProjects) = preSolution
		{C025F710-E6FD-4AB0-80DE-7A5C29206007} = {D670FFCD-9F31-4D86-AFDD-37157818D7B4}
		{D5FC2FEE-B4B6-487E-9D50-1EC7EB5778F6} = {37E778A8-6B7B-4BDD-8E5F-C6ADBBEEC74A}
		{C6ABDBB1-4229-4AB4-9DF6-11359A718303} = {ED952542-4D81-4851-8C99-EA282DA42A8F}
		{FE947937-FE04-4231-92CF-D1B5201DD6EC} = {E56AF8A8-4E8D-4098-A43F-662A933A456F}
	EndGlobalSection
	GlobalSection(ExtensibilityGlobals) = postSolution
		SolutionGuid = {745181C6-8EA2-43AD-BF55-6FEA79CF7A99}
	EndGlobalSection
EndGlobal
