
Microsoft Visual Studio Solution File, Format Version 12.00
# Visual Studio 15
VisualStudioVersion = 15.0.28307.705
MinimumVisualStudioVersion = 10.0.40219.1
Project("{2150E333-8FDC-42A3-9474-1A3956D46DE8}") = "ClearArch.Application", "ClearArch.Application", "{E56AF8A8-4E8D-4098-A43F-662A933A456F}"
EndProject
Project("{2150E333-8FDC-42A3-9474-1A3956D46DE8}") = "ClearArch.Domain", "ClearArch.Domain", "{37E778A8-6B7B-4BDD-8E5F-C6ADBBEEC74A}"
EndProject
Project("{2150E333-8FDC-42A3-9474-1A3956D46DE8}") = "ClearArch.Infra.IoC", "ClearArch.Infra.IoC", "{F671E378-AD86-4FB2-B0A7-F0FF875B53E8}"
EndProject
Project("{2150E333-8FDC-42A3-9474-1A3956D46DE8}") = "CleanArch.Infra.Data", "CleanArch.Infra.Data", "{ED952542-4D81-4851-8C99-EA282DA42A8F}"
EndProject
Project("{2150E333-8FDC-42A3-9474-1A3956D46DE8}") = "CleanArch.UI.Mvc", "CleanArch.UI.Mvc", "{D670FFCD-9F31-4D86-AFDD-37157818D7B4}"
EndProject
Global
	GlobalSection(SolutionProperties) = preSolution
		HideSolutionNode = FALSE
	EndGlobalSection
	GlobalSection(ExtensibilityGlobals) = postSolution
		SolutionGuid = {745181C6-8EA2-43AD-BF55-6FEA79CF7A99}
	EndGlobalSection
EndGlobal
